// !$*UTF8*$!
{
	archiveVersion = 1;
	classes = {
	};
	objectVersion = 46;
	objects = {

/* Begin PBXBuildFile section */
		652E7CB118BD31840079827F /* Foundation.framework in Frameworks */ = {isa = PBXBuildFile; fileRef = 652E7CB018BD31840079827F /* Foundation.framework */; };
		652E7CB318BD31840079827F /* CoreGraphics.framework in Frameworks */ = {isa = PBXBuildFile; fileRef = 652E7CB218BD31840079827F /* CoreGraphics.framework */; };
		652E7CB518BD31840079827F /* UIKit.framework in Frameworks */ = {isa = PBXBuildFile; fileRef = 652E7CB418BD31840079827F /* UIKit.framework */; };
		652E7CB718BD31840079827F /* SpriteKit.framework in Frameworks */ = {isa = PBXBuildFile; fileRef = 652E7CB618BD31840079827F /* SpriteKit.framework */; };
		652E7CBD18BD31840079827F /* InfoPlist.strings in Resources */ = {isa = PBXBuildFile; fileRef = 652E7CBB18BD31840079827F /* InfoPlist.strings */; };
		652E7CBF18BD31840079827F /* main.m in Sources */ = {isa = PBXBuildFile; fileRef = 652E7CBE18BD31840079827F /* main.m */; };
		652E7CC318BD31840079827F /* AppDelegate.m in Sources */ = {isa = PBXBuildFile; fileRef = 652E7CC218BD31840079827F /* AppDelegate.m */; };
		652E7CC618BD31840079827F /* Main.storyboard in Resources */ = {isa = PBXBuildFile; fileRef = 652E7CC418BD31840079827F /* Main.storyboard */; };
		652E7CC918BD31840079827F /* ViewController.m in Sources */ = {isa = PBXBuildFile; fileRef = 652E7CC818BD31840079827F /* ViewController.m */; };
		652E7CCC18BD31840079827F /* MyScene.m in Sources */ = {isa = PBXBuildFile; fileRef = 652E7CCB18BD31840079827F /* MyScene.m */; };
		652E7CD018BD31840079827F /* Images.xcassets in Resources */ = {isa = PBXBuildFile; fileRef = 652E7CCF18BD31840079827F /* Images.xcassets */; };
		652E7CD718BD31840079827F /* XCTest.framework in Frameworks */ = {isa = PBXBuildFile; fileRef = 652E7CD618BD31840079827F /* XCTest.framework */; };
		652E7CD818BD31840079827F /* Foundation.framework in Frameworks */ = {isa = PBXBuildFile; fileRef = 652E7CB018BD31840079827F /* Foundation.framework */; };
		652E7CD918BD31840079827F /* UIKit.framework in Frameworks */ = {isa = PBXBuildFile; fileRef = 652E7CB418BD31840079827F /* UIKit.framework */; };
		652E7CE118BD31840079827F /* InfoPlist.strings in Resources */ = {isa = PBXBuildFile; fileRef = 652E7CDF18BD31840079827F /* InfoPlist.strings */; };
		652E7CE318BD31840079827F /* catasstrophyTests.m in Sources */ = {isa = PBXBuildFile; fileRef = 652E7CE218BD31840079827F /* catasstrophyTests.m */; };
		652E7CF118BD33F60079827F /* background-music-aac.caf in Resources */ = {isa = PBXBuildFile; fileRef = 652E7CEE18BD33F60079827F /* background-music-aac.caf */; };
		652E7CF218BD33F60079827F /* pew-pew-lei.caf in Resources */ = {isa = PBXBuildFile; fileRef = 652E7CEF18BD33F60079827F /* pew-pew-lei.caf */; };
		652E7CF318BD33F60079827F /* sprites.atlas in Resources */ = {isa = PBXBuildFile; fileRef = 652E7CF018BD33F60079827F /* sprites.atlas */; };
		652E7CF618BD7D070079827F /* GameOverScreen.m in Sources */ = {isa = PBXBuildFile; fileRef = 652E7CF518BD7D070079827F /* GameOverScreen.m */; };
		652E7CF718BD7D070079827F /* GameOverScreen.m in Sources */ = {isa = PBXBuildFile; fileRef = 652E7CF518BD7D070079827F /* GameOverScreen.m */; };
		652E7D0C18DA473D0079827F /* thing_bird.png in Resources */ = {isa = PBXBuildFile; fileRef = 652E7CF818DA473D0079827F /* thing_bird.png */; };
		652E7D0D18DA473D0079827F /* thing_bird.png in Resources */ = {isa = PBXBuildFile; fileRef = 652E7CF818DA473D0079827F /* thing_bird.png */; };
		652E7D0E18DA473D0079827F /* thing_book.png in Resources */ = {isa = PBXBuildFile; fileRef = 652E7CF918DA473D0079827F /* thing_book.png */; };
		652E7D0F18DA473D0079827F /* thing_book.png in Resources */ = {isa = PBXBuildFile; fileRef = 652E7CF918DA473D0079827F /* thing_book.png */; };
		652E7D1018DA473D0079827F /* thing_bread.png in Resources */ = {isa = PBXBuildFile; fileRef = 652E7CFA18DA473D0079827F /* thing_bread.png */; };
		652E7D1118DA473D0079827F /* thing_bread.png in Resources */ = {isa = PBXBuildFile; fileRef = 652E7CFA18DA473D0079827F /* thing_bread.png */; };
		652E7D1218DA473D0079827F /* thing_candy.png in Resources */ = {isa = PBXBuildFile; fileRef = 652E7CFB18DA473D0079827F /* thing_candy.png */; };
		652E7D1318DA473D0079827F /* thing_candy.png in Resources */ = {isa = PBXBuildFile; fileRef = 652E7CFB18DA473D0079827F /* thing_candy.png */; };
		652E7D1618DA473D0079827F /* thing_cup.png in Resources */ = {isa = PBXBuildFile; fileRef = 652E7CFD18DA473D0079827F /* thing_cup.png */; };
		652E7D1718DA473D0079827F /* thing_cup.png in Resources */ = {isa = PBXBuildFile; fileRef = 652E7CFD18DA473D0079827F /* thing_cup.png */; };
		652E7D1818DA473D0079827F /* thing_dagger.png in Resources */ = {isa = PBXBuildFile; fileRef = 652E7CFE18DA473D0079827F /* thing_dagger.png */; };
		652E7D1918DA473D0079827F /* thing_dagger.png in Resources */ = {isa = PBXBuildFile; fileRef = 652E7CFE18DA473D0079827F /* thing_dagger.png */; };
		652E7D1A18DA473D0079827F /* thing_eraser.png in Resources */ = {isa = PBXBuildFile; fileRef = 652E7CFF18DA473D0079827F /* thing_eraser.png */; };
		652E7D1B18DA473D0079827F /* thing_eraser.png in Resources */ = {isa = PBXBuildFile; fileRef = 652E7CFF18DA473D0079827F /* thing_eraser.png */; };
		652E7D1C18DA473D0079827F /* thing_fish.png in Resources */ = {isa = PBXBuildFile; fileRef = 652E7D0018DA473D0079827F /* thing_fish.png */; };
		652E7D1D18DA473D0079827F /* thing_fish.png in Resources */ = {isa = PBXBuildFile; fileRef = 652E7D0018DA473D0079827F /* thing_fish.png */; };
		652E7D1E18DA473D0079827F /* thing_frog.png in Resources */ = {isa = PBXBuildFile; fileRef = 652E7D0118DA473D0079827F /* thing_frog.png */; };
		652E7D1F18DA473D0079827F /* thing_frog.png in Resources */ = {isa = PBXBuildFile; fileRef = 652E7D0118DA473D0079827F /* thing_frog.png */; };
		652E7D2018DA473D0079827F /* thing_lamp.png in Resources */ = {isa = PBXBuildFile; fileRef = 652E7D0218DA473D0079827F /* thing_lamp.png */; };
		652E7D2118DA473D0079827F /* thing_lamp.png in Resources */ = {isa = PBXBuildFile; fileRef = 652E7D0218DA473D0079827F /* thing_lamp.png */; };
		652E7D2218DA473D0079827F /* thing_laptop.png in Resources */ = {isa = PBXBuildFile; fileRef = 652E7D0318DA473D0079827F /* thing_laptop.png */; };
		652E7D2318DA473D0079827F /* thing_laptop.png in Resources */ = {isa = PBXBuildFile; fileRef = 652E7D0318DA473D0079827F /* thing_laptop.png */; };
		652E7D2418DA473D0079827F /* thing_mouse.png in Resources */ = {isa = PBXBuildFile; fileRef = 652E7D0418DA473D0079827F /* thing_mouse.png */; };
		652E7D2518DA473D0079827F /* thing_mouse.png in Resources */ = {isa = PBXBuildFile; fileRef = 652E7D0418DA473D0079827F /* thing_mouse.png */; };
		652E7D2618DA473D0079827F /* thing_mug.png in Resources */ = {isa = PBXBuildFile; fileRef = 652E7D0518DA473D0079827F /* thing_mug.png */; };
		652E7D2718DA473D0079827F /* thing_mug.png in Resources */ = {isa = PBXBuildFile; fileRef = 652E7D0518DA473D0079827F /* thing_mug.png */; };
		652E7D2818DA473D0079827F /* thing_pen.png in Resources */ = {isa = PBXBuildFile; fileRef = 652E7D0618DA473D0079827F /* thing_pen.png */; };
		652E7D2918DA473D0079827F /* thing_pen.png in Resources */ = {isa = PBXBuildFile; fileRef = 652E7D0618DA473D0079827F /* thing_pen.png */; };
		652E7D2A18DA473D0079827F /* thing_pencil.png in Resources */ = {isa = PBXBuildFile; fileRef = 652E7D0718DA473D0079827F /* thing_pencil.png */; };
		652E7D2B18DA473D0079827F /* thing_pencil.png in Resources */ = {isa = PBXBuildFile; fileRef = 652E7D0718DA473D0079827F /* thing_pencil.png */; };
		652E7D2C18DA473D0079827F /* thing_ramen.png in Resources */ = {isa = PBXBuildFile; fileRef = 652E7D0818DA473D0079827F /* thing_ramen.png */; };
		652E7D2D18DA473D0079827F /* thing_ramen.png in Resources */ = {isa = PBXBuildFile; fileRef = 652E7D0818DA473D0079827F /* thing_ramen.png */; };
		652E7D2E18DA473D0079827F /* thing_snowglobe.png in Resources */ = {isa = PBXBuildFile; fileRef = 652E7D0918DA473D0079827F /* thing_snowglobe.png */; };
		652E7D2F18DA473D0079827F /* thing_snowglobe.png in Resources */ = {isa = PBXBuildFile; fileRef = 652E7D0918DA473D0079827F /* thing_snowglobe.png */; };
		652E7D3018DA473D0079827F /* thing_thermos.png in Resources */ = {isa = PBXBuildFile; fileRef = 652E7D0A18DA473D0079827F /* thing_thermos.png */; };
		652E7D3118DA473D0079827F /* thing_thermos.png in Resources */ = {isa = PBXBuildFile; fileRef = 652E7D0A18DA473D0079827F /* thing_thermos.png */; };
		652E7D3218DA473D0079827F /* thing_vase.png in Resources */ = {isa = PBXBuildFile; fileRef = 652E7D0B18DA473D0079827F /* thing_vase.png */; };
		652E7D3318DA473D0079827F /* thing_vase.png in Resources */ = {isa = PBXBuildFile; fileRef = 652E7D0B18DA473D0079827F /* thing_vase.png */; };
		65C2F59018DB3622006C5352 /* icon_big.png in Resources */ = {isa = PBXBuildFile; fileRef = 65C2F58B18DB3622006C5352 /* icon_big.png */; };
		65C2F59118DB3622006C5352 /* icon_small.png in Resources */ = {isa = PBXBuildFile; fileRef = 65C2F58C18DB3622006C5352 /* icon_small.png */; };
		65C2F59218DB3622006C5352 /* onion.png in Resources */ = {isa = PBXBuildFile; fileRef = 65C2F58D18DB3622006C5352 /* onion.png */; };
		65C2F59318DB3622006C5352 /* puppy.png in Resources */ = {isa = PBXBuildFile; fileRef = 65C2F58E18DB3622006C5352 /* puppy.png */; };
		65C2F59418DB3622006C5352 /* target.png in Resources */ = {isa = PBXBuildFile; fileRef = 65C2F58F18DB3622006C5352 /* target.png */; };
		65C2F59718DB36A2006C5352 /* play_area.png in Resources */ = {isa = PBXBuildFile; fileRef = 65C2F59618DB36A2006C5352 /* play_area.png */; };
		65C2F59A18DCA4FE006C5352 /* icon_80.png in Resources */ = {isa = PBXBuildFile; fileRef = 65C2F59818DCA4FE006C5352 /* icon_80.png */; };
		65C2F59B18DCA4FE006C5352 /* icon_58.png in Resources */ = {isa = PBXBuildFile; fileRef = 65C2F59918DCA4FE006C5352 /* icon_58.png */; };
		65C2F5AD18DCC7EC006C5352 /* MediaPlayer.framework in Frameworks */ = {isa = PBXBuildFile; fileRef = 65C2F5AC18DCC7EC006C5352 /* MediaPlayer.framework */; };
		65C2F5AF18DCC808006C5352 /* CoreMotion.framework in Frameworks */ = {isa = PBXBuildFile; fileRef = 65C2F5AE18DCC808006C5352 /* CoreMotion.framework */; };
		65C2F5B218DCC8DA006C5352 /* MovieViewController.m in Sources */ = {isa = PBXBuildFile; fileRef = 65C2F5B118DCC8DA006C5352 /* MovieViewController.m */; };
		65C2F5B618DCD1BA006C5352 /* dogbar.png in Resources */ = {isa = PBXBuildFile; fileRef = 65C2F5B318DCD1BA006C5352 /* dogbar.png */; };
		65C2F5B718DCD1BA006C5352 /* dogbar_inner.png in Resources */ = {isa = PBXBuildFile; fileRef = 65C2F5B418DCD1BA006C5352 /* dogbar_inner.png */; };
		65C2F5B818DCD1BA006C5352 /* dogbar_clicked.png in Resources */ = {isa = PBXBuildFile; fileRef = 65C2F5B518DCD1BA006C5352 /* dogbar_clicked.png */; };
		65C2F5BB18DCDE26006C5352 /* chaos_inner.png in Resources */ = {isa = PBXBuildFile; fileRef = 65C2F5B918DCDE26006C5352 /* chaos_inner.png */; };
		65C2F5BC18DCDE26006C5352 /* chaos_filled.png in Resources */ = {isa = PBXBuildFile; fileRef = 65C2F5BA18DCDE26006C5352 /* chaos_filled.png */; };
		65C2F61B18E11686006C5352 /* catImagesFlipLeft.atlas in Resources */ = {isa = PBXBuildFile; fileRef = 65C2F61518E11686006C5352 /* catImagesFlipLeft.atlas */; };
		65C2F61C18E11686006C5352 /* catImagesFlipRight.atlas in Resources */ = {isa = PBXBuildFile; fileRef = 65C2F61618E11686006C5352 /* catImagesFlipRight.atlas */; };
		65C2F61D18E11686006C5352 /* catImagesHitLeft.atlas in Resources */ = {isa = PBXBuildFile; fileRef = 65C2F61718E11686006C5352 /* catImagesHitLeft.atlas */; };
		65C2F61E18E11686006C5352 /* catImagesHitRight.atlas in Resources */ = {isa = PBXBuildFile; fileRef = 65C2F61818E11686006C5352 /* catImagesHitRight.atlas */; };
		65C2F61F18E11686006C5352 /* catImagesLeft.atlas in Resources */ = {isa = PBXBuildFile; fileRef = 65C2F61918E11686006C5352 /* catImagesLeft.atlas */; };
		65C2F62018E11686006C5352 /* catImagesRight.atlas in Resources */ = {isa = PBXBuildFile; fileRef = 65C2F61A18E11686006C5352 /* catImagesRight.atlas */; };
		65C2F62818E219D2006C5352 /* game_over.png in Resources */ = {isa = PBXBuildFile; fileRef = 65C2F62518E219D2006C5352 /* game_over.png */; };
		65C2F62918E219D2006C5352 /* gg_cat.png in Resources */ = {isa = PBXBuildFile; fileRef = 65C2F62618E219D2006C5352 /* gg_cat.png */; };
		65C2F62A18E219D2006C5352 /* gg_cat2.png in Resources */ = {isa = PBXBuildFile; fileRef = 65C2F62718E219D2006C5352 /* gg_cat2.png */; };
		65C2F63018E242D2006C5352 /* how_to_play.png in Resources */ = {isa = PBXBuildFile; fileRef = 65C2F62C18E242D2006C5352 /* how_to_play.png */; };
		65C2F63118E242D2006C5352 /* menu_bg.png in Resources */ = {isa = PBXBuildFile; fileRef = 65C2F62D18E242D2006C5352 /* menu_bg.png */; };
		65C2F63218E242D2006C5352 /* play_button.png in Resources */ = {isa = PBXBuildFile; fileRef = 65C2F62E18E242D2006C5352 /* play_button.png */; };
		65C2F63318E242D2006C5352 /* playvid_button.png in Resources */ = {isa = PBXBuildFile; fileRef = 65C2F62F18E242D2006C5352 /* playvid_button.png */; };
		65C2F63A18E245DE006C5352 /* Menu.m in Sources */ = {isa = PBXBuildFile; fileRef = 65C2F63918E245DE006C5352 /* Menu.m */; };
		65C2F63D18E24788006C5352 /* Logo.m in Sources */ = {isa = PBXBuildFile; fileRef = 65C2F63C18E24788006C5352 /* Logo.m */; };
		65C2F64418E258B0006C5352 /* nest_640x960.png in Resources */ = {isa = PBXBuildFile; fileRef = 65C2F64218E258B0006C5352 /* nest_640x960.png */; };
		65C2F64518E258B0006C5352 /* nest_640x1136.png in Resources */ = {isa = PBXBuildFile; fileRef = 65C2F64318E258B0006C5352 /* nest_640x1136.png */; };
		65C2F64718E261A0006C5352 /* return_menu.png in Resources */ = {isa = PBXBuildFile; fileRef = 65C2F64618E261A0006C5352 /* return_menu.png */; };
		65C2F64A18E26B23006C5352 /* Tutorial.m in Sources */ = {isa = PBXBuildFile; fileRef = 65C2F64918E26B23006C5352 /* Tutorial.m */; };
		65C2F64C18E26B90006C5352 /* tutorial.png in Resources */ = {isa = PBXBuildFile; fileRef = 65C2F64B18E26B90006C5352 /* tutorial.png */; };
		65C2F6D518E34C50006C5352 /* Movie.m in Sources */ = {isa = PBXBuildFile; fileRef = 65C2F6D418E34C50006C5352 /* Movie.m */; };
		65C2F6D718E376AC006C5352 /* game_intro.mov in Resources */ = {isa = PBXBuildFile; fileRef = 65C2F6D618E376AC006C5352 /* game_intro.mov */; };
		65C2F6D918E3824D006C5352 /* AVFoundation.framework in Frameworks */ = {isa = PBXBuildFile; fileRef = 65C2F6D818E3824D006C5352 /* AVFoundation.framework */; };
/* End PBXBuildFile section */

/* Begin PBXContainerItemProxy section */
		652E7CDA18BD31840079827F /* PBXContainerItemProxy */ = {
			isa = PBXContainerItemProxy;
			containerPortal = 652E7CA518BD31840079827F /* Project object */;
			proxyType = 1;
			remoteGlobalIDString = 652E7CAC18BD31840079827F;
			remoteInfo = catasstrophy;
		};
/* End PBXContainerItemProxy section */

/* Begin PBXFileReference section */
		652E7CAD18BD31840079827F /* catasstrophy.app */ = {isa = PBXFileReference; explicitFileType = wrapper.application; includeInIndex = 0; path = catasstrophy.app; sourceTree = BUILT_PRODUCTS_DIR; };
		652E7CB018BD31840079827F /* Foundation.framework */ = {isa = PBXFileReference; lastKnownFileType = wrapper.framework; name = Foundation.framework; path = System/Library/Frameworks/Foundation.framework; sourceTree = SDKROOT; };
		652E7CB218BD31840079827F /* CoreGraphics.framework */ = {isa = PBXFileReference; lastKnownFileType = wrapper.framework; name = CoreGraphics.framework; path = System/Library/Frameworks/CoreGraphics.framework; sourceTree = SDKROOT; };
		652E7CB418BD31840079827F /* UIKit.framework */ = {isa = PBXFileReference; lastKnownFileType = wrapper.framework; name = UIKit.framework; path = System/Library/Frameworks/UIKit.framework; sourceTree = SDKROOT; };
		652E7CB618BD31840079827F /* SpriteKit.framework */ = {isa = PBXFileReference; lastKnownFileType = wrapper.framework; name = SpriteKit.framework; path = System/Library/Frameworks/SpriteKit.framework; sourceTree = SDKROOT; };
		652E7CBA18BD31840079827F /* catasstrophy-Info.plist */ = {isa = PBXFileReference; lastKnownFileType = text.plist.xml; path = "catasstrophy-Info.plist"; sourceTree = "<group>"; };
		652E7CBC18BD31840079827F /* en */ = {isa = PBXFileReference; lastKnownFileType = text.plist.strings; name = en; path = en.lproj/InfoPlist.strings; sourceTree = "<group>"; };
		652E7CBE18BD31840079827F /* main.m */ = {isa = PBXFileReference; lastKnownFileType = sourcecode.c.objc; path = main.m; sourceTree = "<group>"; };
		652E7CC018BD31840079827F /* catasstrophy-Prefix.pch */ = {isa = PBXFileReference; lastKnownFileType = sourcecode.c.h; path = "catasstrophy-Prefix.pch"; sourceTree = "<group>"; };
		652E7CC118BD31840079827F /* AppDelegate.h */ = {isa = PBXFileReference; lastKnownFileType = sourcecode.c.h; path = AppDelegate.h; sourceTree = "<group>"; };
		652E7CC218BD31840079827F /* AppDelegate.m */ = {isa = PBXFileReference; lastKnownFileType = sourcecode.c.objc; path = AppDelegate.m; sourceTree = "<group>"; };
		652E7CC518BD31840079827F /* Base */ = {isa = PBXFileReference; lastKnownFileType = file.storyboard; name = Base; path = Base.lproj/Main.storyboard; sourceTree = "<group>"; };
		652E7CC718BD31840079827F /* ViewController.h */ = {isa = PBXFileReference; lastKnownFileType = sourcecode.c.h; path = ViewController.h; sourceTree = "<group>"; };
		652E7CC818BD31840079827F /* ViewController.m */ = {isa = PBXFileReference; lastKnownFileType = sourcecode.c.objc; path = ViewController.m; sourceTree = "<group>"; };
		652E7CCA18BD31840079827F /* MyScene.h */ = {isa = PBXFileReference; lastKnownFileType = sourcecode.c.h; path = MyScene.h; sourceTree = "<group>"; };
		652E7CCB18BD31840079827F /* MyScene.m */ = {isa = PBXFileReference; lastKnownFileType = sourcecode.c.objc; path = MyScene.m; sourceTree = "<group>"; };
		652E7CCF18BD31840079827F /* Images.xcassets */ = {isa = PBXFileReference; lastKnownFileType = folder.assetcatalog; path = Images.xcassets; sourceTree = "<group>"; };
		652E7CD518BD31840079827F /* catasstrophyTests.xctest */ = {isa = PBXFileReference; explicitFileType = wrapper.cfbundle; includeInIndex = 0; path = catasstrophyTests.xctest; sourceTree = BUILT_PRODUCTS_DIR; };
		652E7CD618BD31840079827F /* XCTest.framework */ = {isa = PBXFileReference; lastKnownFileType = wrapper.framework; name = XCTest.framework; path = Library/Frameworks/XCTest.framework; sourceTree = DEVELOPER_DIR; };
		652E7CDE18BD31840079827F /* catasstrophyTests-Info.plist */ = {isa = PBXFileReference; lastKnownFileType = text.plist.xml; path = "catasstrophyTests-Info.plist"; sourceTree = "<group>"; };
		652E7CE018BD31840079827F /* en */ = {isa = PBXFileReference; lastKnownFileType = text.plist.strings; name = en; path = en.lproj/InfoPlist.strings; sourceTree = "<group>"; };
		652E7CE218BD31840079827F /* catasstrophyTests.m */ = {isa = PBXFileReference; lastKnownFileType = sourcecode.c.objc; path = catasstrophyTests.m; sourceTree = "<group>"; };
		652E7CEE18BD33F60079827F /* background-music-aac.caf */ = {isa = PBXFileReference; lastKnownFileType = file; path = "background-music-aac.caf"; sourceTree = "<group>"; };
		652E7CEF18BD33F60079827F /* pew-pew-lei.caf */ = {isa = PBXFileReference; lastKnownFileType = file; path = "pew-pew-lei.caf"; sourceTree = "<group>"; };
		652E7CF018BD33F60079827F /* sprites.atlas */ = {isa = PBXFileReference; lastKnownFileType = folder.skatlas; path = sprites.atlas; sourceTree = "<group>"; };
		652E7CF418BD7D070079827F /* GameOverScreen.h */ = {isa = PBXFileReference; fileEncoding = 4; lastKnownFileType = sourcecode.c.h; name = GameOverScreen.h; path = catasstrophy/GameOverScreen.h; sourceTree = SOURCE_ROOT; xcLanguageSpecificationIdentifier = xcode.lang.objc; };
		652E7CF518BD7D070079827F /* GameOverScreen.m */ = {isa = PBXFileReference; fileEncoding = 4; lastKnownFileType = sourcecode.c.objc; name = GameOverScreen.m; path = catasstrophy/GameOverScreen.m; sourceTree = SOURCE_ROOT; };
		652E7CF818DA473D0079827F /* thing_bird.png */ = {isa = PBXFileReference; lastKnownFileType = image.png; path = thing_bird.png; sourceTree = "<group>"; };
		652E7CF918DA473D0079827F /* thing_book.png */ = {isa = PBXFileReference; lastKnownFileType = image.png; path = thing_book.png; sourceTree = "<group>"; };
		652E7CFA18DA473D0079827F /* thing_bread.png */ = {isa = PBXFileReference; lastKnownFileType = image.png; path = thing_bread.png; sourceTree = "<group>"; };
		652E7CFB18DA473D0079827F /* thing_candy.png */ = {isa = PBXFileReference; lastKnownFileType = image.png; path = thing_candy.png; sourceTree = "<group>"; };
		652E7CFD18DA473D0079827F /* thing_cup.png */ = {isa = PBXFileReference; lastKnownFileType = image.png; path = thing_cup.png; sourceTree = "<group>"; };
		652E7CFE18DA473D0079827F /* thing_dagger.png */ = {isa = PBXFileReference; lastKnownFileType = image.png; path = thing_dagger.png; sourceTree = "<group>"; };
		652E7CFF18DA473D0079827F /* thing_eraser.png */ = {isa = PBXFileReference; lastKnownFileType = image.png; path = thing_eraser.png; sourceTree = "<group>"; };
		652E7D0018DA473D0079827F /* thing_fish.png */ = {isa = PBXFileReference; lastKnownFileType = image.png; path = thing_fish.png; sourceTree = "<group>"; };
		652E7D0118DA473D0079827F /* thing_frog.png */ = {isa = PBXFileReference; lastKnownFileType = image.png; path = thing_frog.png; sourceTree = "<group>"; };
		652E7D0218DA473D0079827F /* thing_lamp.png */ = {isa = PBXFileReference; lastKnownFileType = image.png; path = thing_lamp.png; sourceTree = "<group>"; };
		652E7D0318DA473D0079827F /* thing_laptop.png */ = {isa = PBXFileReference; lastKnownFileType = image.png; path = thing_laptop.png; sourceTree = "<group>"; };
		652E7D0418DA473D0079827F /* thing_mouse.png */ = {isa = PBXFileReference; lastKnownFileType = image.png; path = thing_mouse.png; sourceTree = "<group>"; };
		652E7D0518DA473D0079827F /* thing_mug.png */ = {isa = PBXFileReference; lastKnownFileType = image.png; path = thing_mug.png; sourceTree = "<group>"; };
		652E7D0618DA473D0079827F /* thing_pen.png */ = {isa = PBXFileReference; lastKnownFileType = image.png; path = thing_pen.png; sourceTree = "<group>"; };
		652E7D0718DA473D0079827F /* thing_pencil.png */ = {isa = PBXFileReference; lastKnownFileType = image.png; path = thing_pencil.png; sourceTree = "<group>"; };
		652E7D0818DA473D0079827F /* thing_ramen.png */ = {isa = PBXFileReference; lastKnownFileType = image.png; path = thing_ramen.png; sourceTree = "<group>"; };
		652E7D0918DA473D0079827F /* thing_snowglobe.png */ = {isa = PBXFileReference; lastKnownFileType = image.png; path = thing_snowglobe.png; sourceTree = "<group>"; };
		652E7D0A18DA473D0079827F /* thing_thermos.png */ = {isa = PBXFileReference; lastKnownFileType = image.png; path = thing_thermos.png; sourceTree = "<group>"; };
		652E7D0B18DA473D0079827F /* thing_vase.png */ = {isa = PBXFileReference; lastKnownFileType = image.png; path = thing_vase.png; sourceTree = "<group>"; };
		65C2F57E18DB163D006C5352 /* Constants.h */ = {isa = PBXFileReference; fileEncoding = 4; lastKnownFileType = sourcecode.c.h; name = Constants.h; path = ../Constants.h; sourceTree = "<group>"; };
		65C2F58B18DB3622006C5352 /* icon_big.png */ = {isa = PBXFileReference; lastKnownFileType = image.png; path = icon_big.png; sourceTree = "<group>"; };
		65C2F58C18DB3622006C5352 /* icon_small.png */ = {isa = PBXFileReference; lastKnownFileType = image.png; path = icon_small.png; sourceTree = "<group>"; };
		65C2F58D18DB3622006C5352 /* onion.png */ = {isa = PBXFileReference; lastKnownFileType = image.png; path = onion.png; sourceTree = "<group>"; };
		65C2F58E18DB3622006C5352 /* puppy.png */ = {isa = PBXFileReference; lastKnownFileType = image.png; path = puppy.png; sourceTree = "<group>"; };
		65C2F58F18DB3622006C5352 /* target.png */ = {isa = PBXFileReference; lastKnownFileType = image.png; path = target.png; sourceTree = "<group>"; };
		65C2F59618DB36A2006C5352 /* play_area.png */ = {isa = PBXFileReference; lastKnownFileType = image.png; path = play_area.png; sourceTree = "<group>"; };
		65C2F59818DCA4FE006C5352 /* icon_80.png */ = {isa = PBXFileReference; lastKnownFileType = image.png; path = icon_80.png; sourceTree = "<group>"; };
		65C2F59918DCA4FE006C5352 /* icon_58.png */ = {isa = PBXFileReference; lastKnownFileType = image.png; path = icon_58.png; sourceTree = "<group>"; };
		65C2F5AC18DCC7EC006C5352 /* MediaPlayer.framework */ = {isa = PBXFileReference; lastKnownFileType = wrapper.framework; name = MediaPlayer.framework; path = System/Library/Frameworks/MediaPlayer.framework; sourceTree = SDKROOT; };
		65C2F5AE18DCC808006C5352 /* CoreMotion.framework */ = {isa = PBXFileReference; lastKnownFileType = wrapper.framework; name = CoreMotion.framework; path = System/Library/Frameworks/CoreMotion.framework; sourceTree = SDKROOT; };
		65C2F5B018DCC8DA006C5352 /* MovieViewController.h */ = {isa = PBXFileReference; fileEncoding = 4; lastKnownFileType = sourcecode.c.h; path = MovieViewController.h; sourceTree = "<group>"; };
		65C2F5B118DCC8DA006C5352 /* MovieViewController.m */ = {isa = PBXFileReference; fileEncoding = 4; lastKnownFileType = sourcecode.c.objc; path = MovieViewController.m; sourceTree = "<group>"; };
		65C2F5B318DCD1BA006C5352 /* dogbar.png */ = {isa = PBXFileReference; lastKnownFileType = image.png; name = dogbar.png; path = ../../../Downloads/dogbar.png; sourceTree = "<group>"; };
		65C2F5B418DCD1BA006C5352 /* dogbar_inner.png */ = {isa = PBXFileReference; lastKnownFileType = image.png; name = dogbar_inner.png; path = ../../../Downloads/dogbar_inner.png; sourceTree = "<group>"; };
		65C2F5B518DCD1BA006C5352 /* dogbar_clicked.png */ = {isa = PBXFileReference; lastKnownFileType = image.png; name = dogbar_clicked.png; path = ../../../Downloads/dogbar_clicked.png; sourceTree = "<group>"; };
		65C2F5B918DCDE26006C5352 /* chaos_inner.png */ = {isa = PBXFileReference; lastKnownFileType = image.png; name = chaos_inner.png; path = ../../../Downloads/chaos_inner.png; sourceTree = "<group>"; };
		65C2F5BA18DCDE26006C5352 /* chaos_filled.png */ = {isa = PBXFileReference; lastKnownFileType = image.png; name = chaos_filled.png; path = ../../../Downloads/chaos_filled.png; sourceTree = "<group>"; };
		65C2F61518E11686006C5352 /* catImagesFlipLeft.atlas */ = {isa = PBXFileReference; lastKnownFileType = folder.skatlas; path = catImagesFlipLeft.atlas; sourceTree = "<group>"; };
		65C2F61618E11686006C5352 /* catImagesFlipRight.atlas */ = {isa = PBXFileReference; lastKnownFileType = folder.skatlas; path = catImagesFlipRight.atlas; sourceTree = "<group>"; };
		65C2F61718E11686006C5352 /* catImagesHitLeft.atlas */ = {isa = PBXFileReference; lastKnownFileType = folder.skatlas; path = catImagesHitLeft.atlas; sourceTree = "<group>"; };
		65C2F61818E11686006C5352 /* catImagesHitRight.atlas */ = {isa = PBXFileReference; lastKnownFileType = folder.skatlas; path = catImagesHitRight.atlas; sourceTree = "<group>"; };
		65C2F61918E11686006C5352 /* catImagesLeft.atlas */ = {isa = PBXFileReference; lastKnownFileType = folder.skatlas; path = catImagesLeft.atlas; sourceTree = "<group>"; };
		65C2F61A18E11686006C5352 /* catImagesRight.atlas */ = {isa = PBXFileReference; lastKnownFileType = folder.skatlas; path = catImagesRight.atlas; sourceTree = "<group>"; };
		65C2F62518E219D2006C5352 /* game_over.png */ = {isa = PBXFileReference; lastKnownFileType = image.png; path = game_over.png; sourceTree = "<group>"; };
		65C2F62618E219D2006C5352 /* gg_cat.png */ = {isa = PBXFileReference; lastKnownFileType = image.png; path = gg_cat.png; sourceTree = "<group>"; };
		65C2F62718E219D2006C5352 /* gg_cat2.png */ = {isa = PBXFileReference; lastKnownFileType = image.png; path = gg_cat2.png; sourceTree = "<group>"; };
		65C2F62C18E242D2006C5352 /* how_to_play.png */ = {isa = PBXFileReference; lastKnownFileType = image.png; path = how_to_play.png; sourceTree = "<group>"; };
		65C2F62D18E242D2006C5352 /* menu_bg.png */ = {isa = PBXFileReference; lastKnownFileType = image.png; path = menu_bg.png; sourceTree = "<group>"; };
		65C2F62E18E242D2006C5352 /* play_button.png */ = {isa = PBXFileReference; lastKnownFileType = image.png; path = play_button.png; sourceTree = "<group>"; };
		65C2F62F18E242D2006C5352 /* playvid_button.png */ = {isa = PBXFileReference; lastKnownFileType = image.png; path = playvid_button.png; sourceTree = "<group>"; };
		65C2F63818E245DE006C5352 /* Menu.h */ = {isa = PBXFileReference; fileEncoding = 4; lastKnownFileType = sourcecode.c.h; path = Menu.h; sourceTree = "<group>"; };
		65C2F63918E245DE006C5352 /* Menu.m */ = {isa = PBXFileReference; fileEncoding = 4; lastKnownFileType = sourcecode.c.objc; path = Menu.m; sourceTree = "<group>"; };
		65C2F63B18E24788006C5352 /* Logo.h */ = {isa = PBXFileReference; fileEncoding = 4; lastKnownFileType = sourcecode.c.h; path = Logo.h; sourceTree = "<group>"; };
		65C2F63C18E24788006C5352 /* Logo.m */ = {isa = PBXFileReference; fileEncoding = 4; lastKnownFileType = sourcecode.c.objc; path = Logo.m; sourceTree = "<group>"; };
		65C2F64218E258B0006C5352 /* nest_640x960.png */ = {isa = PBXFileReference; lastKnownFileType = image.png; name = nest_640x960.png; path = ../nest_640x960.png; sourceTree = "<group>"; };
		65C2F64318E258B0006C5352 /* nest_640x1136.png */ = {isa = PBXFileReference; lastKnownFileType = image.png; name = nest_640x1136.png; path = ../nest_640x1136.png; sourceTree = "<group>"; };
		65C2F64618E261A0006C5352 /* return_menu.png */ = {isa = PBXFileReference; lastKnownFileType = image.png; path = return_menu.png; sourceTree = "<group>"; };
		65C2F64818E26B23006C5352 /* Tutorial.h */ = {isa = PBXFileReference; fileEncoding = 4; lastKnownFileType = sourcecode.c.h; path = Tutorial.h; sourceTree = "<group>"; };
		65C2F64918E26B23006C5352 /* Tutorial.m */ = {isa = PBXFileReference; fileEncoding = 4; lastKnownFileType = sourcecode.c.objc; path = Tutorial.m; sourceTree = "<group>"; };
		65C2F64B18E26B90006C5352 /* tutorial.png */ = {isa = PBXFileReference; lastKnownFileType = image.png; name = tutorial.png; path = ../../../Downloads/tutorial.png; sourceTree = "<group>"; };
		65C2F6D318E34C50006C5352 /* Movie.h */ = {isa = PBXFileReference; fileEncoding = 4; lastKnownFileType = sourcecode.c.h; path = Movie.h; sourceTree = "<group>"; };
		65C2F6D418E34C50006C5352 /* Movie.m */ = {isa = PBXFileReference; fileEncoding = 4; lastKnownFileType = sourcecode.c.objc; path = Movie.m; sourceTree = "<group>"; };
		65C2F6D618E376AC006C5352 /* game_intro.mov */ = {isa = PBXFileReference; lastKnownFileType = video.quicktime; path = game_intro.mov; sourceTree = "<group>"; };
		65C2F6D818E3824D006C5352 /* AVFoundation.framework */ = {isa = PBXFileReference; lastKnownFileType = wrapper.framework; name = AVFoundation.framework; path = System/Library/Frameworks/AVFoundation.framework; sourceTree = SDKROOT; };
/* End PBXFileReference section */

/* Begin PBXFrameworksBuildPhase section */
		652E7CAA18BD31840079827F /* Frameworks */ = {
			isa = PBXFrameworksBuildPhase;
			buildActionMask = 2147483647;
			files = (
				65C2F6D918E3824D006C5352 /* AVFoundation.framework in Frameworks */,
				65C2F5AF18DCC808006C5352 /* CoreMotion.framework in Frameworks */,
				652E7CB718BD31840079827F /* SpriteKit.framework in Frameworks */,
				65C2F5AD18DCC7EC006C5352 /* MediaPlayer.framework in Frameworks */,
				652E7CB318BD31840079827F /* CoreGraphics.framework in Frameworks */,
				652E7CB518BD31840079827F /* UIKit.framework in Frameworks */,
				652E7CB118BD31840079827F /* Foundation.framework in Frameworks */,
			);
			runOnlyForDeploymentPostprocessing = 0;
		};
		652E7CD218BD31840079827F /* Frameworks */ = {
			isa = PBXFrameworksBuildPhase;
			buildActionMask = 2147483647;
			files = (
				652E7CD718BD31840079827F /* XCTest.framework in Frameworks */,
				652E7CD918BD31840079827F /* UIKit.framework in Frameworks */,
				652E7CD818BD31840079827F /* Foundation.framework in Frameworks */,
			);
			runOnlyForDeploymentPostprocessing = 0;
		};
/* End PBXFrameworksBuildPhase section */

/* Begin PBXGroup section */
		652E7CA418BD31840079827F = {
			isa = PBXGroup;
			children = (
				652E7CB818BD31840079827F /* catasstrophy */,
				652E7CDC18BD31840079827F /* catasstrophyTests */,
				652E7CAF18BD31840079827F /* Frameworks */,
				652E7CAE18BD31840079827F /* Products */,
			);
			sourceTree = "<group>";
		};
		652E7CAE18BD31840079827F /* Products */ = {
			isa = PBXGroup;
			children = (
				652E7CAD18BD31840079827F /* catasstrophy.app */,
				652E7CD518BD31840079827F /* catasstrophyTests.xctest */,
			);
			name = Products;
			sourceTree = "<group>";
		};
		652E7CAF18BD31840079827F /* Frameworks */ = {
			isa = PBXGroup;
			children = (
				65C2F6D818E3824D006C5352 /* AVFoundation.framework */,
				65C2F5AE18DCC808006C5352 /* CoreMotion.framework */,
				65C2F5AC18DCC7EC006C5352 /* MediaPlayer.framework */,
				652E7CB018BD31840079827F /* Foundation.framework */,
				652E7CB218BD31840079827F /* CoreGraphics.framework */,
				652E7CB418BD31840079827F /* UIKit.framework */,
				652E7CB618BD31840079827F /* SpriteKit.framework */,
				652E7CD618BD31840079827F /* XCTest.framework */,
			);
			name = Frameworks;
			sourceTree = "<group>";
		};
		652E7CB818BD31840079827F /* catasstrophy */ = {
			isa = PBXGroup;
			children = (
				652E7CF418BD7D070079827F /* GameOverScreen.h */,
				652E7CF518BD7D070079827F /* GameOverScreen.m */,
				65C2F63818E245DE006C5352 /* Menu.h */,
				65C2F63918E245DE006C5352 /* Menu.m */,
				65C2F64818E26B23006C5352 /* Tutorial.h */,
				65C2F64918E26B23006C5352 /* Tutorial.m */,
				65C2F63B18E24788006C5352 /* Logo.h */,
				65C2F63C18E24788006C5352 /* Logo.m */,
				652E7CC118BD31840079827F /* AppDelegate.h */,
				652E7CC218BD31840079827F /* AppDelegate.m */,
				652E7CC418BD31840079827F /* Main.storyboard */,
				652E7CC718BD31840079827F /* ViewController.h */,
				652E7CC818BD31840079827F /* ViewController.m */,
				65C2F5B018DCC8DA006C5352 /* MovieViewController.h */,
				65C2F5B118DCC8DA006C5352 /* MovieViewController.m */,
				65C2F6D318E34C50006C5352 /* Movie.h */,
				65C2F6D418E34C50006C5352 /* Movie.m */,
				652E7CCA18BD31840079827F /* MyScene.h */,
				652E7CCB18BD31840079827F /* MyScene.m */,
				652E7CCF18BD31840079827F /* Images.xcassets */,
				652E7D3418DA475A0079827F /* art assets */,
				652E7CEC18BD33F60079827F /* SpriteKitSimpleGameResources */,
				652E7CB918BD31840079827F /* Supporting Files */,
			);
			path = catasstrophy;
			sourceTree = "<group>";
		};
		652E7CB918BD31840079827F /* Supporting Files */ = {
			isa = PBXGroup;
			children = (
				65C2F57E18DB163D006C5352 /* Constants.h */,
				652E7CBA18BD31840079827F /* catasstrophy-Info.plist */,
				652E7CBB18BD31840079827F /* InfoPlist.strings */,
				652E7CBE18BD31840079827F /* main.m */,
				652E7CC018BD31840079827F /* catasstrophy-Prefix.pch */,
			);
			name = "Supporting Files";
			sourceTree = "<group>";
		};
		652E7CDC18BD31840079827F /* catasstrophyTests */ = {
			isa = PBXGroup;
			children = (
				652E7CE218BD31840079827F /* catasstrophyTests.m */,
				652E7CDD18BD31840079827F /* Supporting Files */,
			);
			path = catasstrophyTests;
			sourceTree = "<group>";
		};
		652E7CDD18BD31840079827F /* Supporting Files */ = {
			isa = PBXGroup;
			children = (
				652E7CDE18BD31840079827F /* catasstrophyTests-Info.plist */,
				652E7CDF18BD31840079827F /* InfoPlist.strings */,
			);
			name = "Supporting Files";
			sourceTree = "<group>";
		};
		652E7CEC18BD33F60079827F /* SpriteKitSimpleGameResources */ = {
			isa = PBXGroup;
			children = (
				652E7CED18BD33F60079827F /* Sounds */,
				652E7CF018BD33F60079827F /* sprites.atlas */,
			);
			path = SpriteKitSimpleGameResources;
			sourceTree = "<group>";
		};
		652E7CED18BD33F60079827F /* Sounds */ = {
			isa = PBXGroup;
			children = (
				652E7CEE18BD33F60079827F /* background-music-aac.caf */,
				652E7CEF18BD33F60079827F /* pew-pew-lei.caf */,
			);
			path = Sounds;
			sourceTree = "<group>";
		};
		652E7D3418DA475A0079827F /* art assets */ = {
			isa = PBXGroup;
			children = (
				65C2F6D618E376AC006C5352 /* game_intro.mov */,
				65C2F64B18E26B90006C5352 /* tutorial.png */,
				65C2F64218E258B0006C5352 /* nest_640x960.png */,
				65C2F64318E258B0006C5352 /* nest_640x1136.png */,
				65C2F62B18E242D2006C5352 /* menu */,
				65C2F62418E219D2006C5352 /* game_over */,
				65C2F58F18DB3622006C5352 /* target.png */,
				65C2F61418E11686006C5352 /* catImages */,
				65C2F59518DB3631006C5352 /* icon */,
				652E7D4A18DA489F0079827F /* background stuff */,
				652E7D3618DA47D10079827F /* items fired */,
				652E7D3518DA479E0079827F /* desk items */,
			);
			name = "art assets";
			sourceTree = "<group>";
		};
		652E7D3518DA479E0079827F /* desk items */ = {
			isa = PBXGroup;
			children = (
				652E7CF918DA473D0079827F /* thing_book.png */,
				652E7CFA18DA473D0079827F /* thing_bread.png */,
				652E7CFB18DA473D0079827F /* thing_candy.png */,
				652E7CFD18DA473D0079827F /* thing_cup.png */,
				652E7CFE18DA473D0079827F /* thing_dagger.png */,
				652E7CFF18DA473D0079827F /* thing_eraser.png */,
				652E7D0218DA473D0079827F /* thing_lamp.png */,
				652E7D0318DA473D0079827F /* thing_laptop.png */,
				652E7D0518DA473D0079827F /* thing_mug.png */,
				652E7D0618DA473D0079827F /* thing_pen.png */,
				652E7D0718DA473D0079827F /* thing_pencil.png */,
				652E7D0818DA473D0079827F /* thing_ramen.png */,
				652E7D0918DA473D0079827F /* thing_snowglobe.png */,
				652E7D0A18DA473D0079827F /* thing_thermos.png */,
				652E7D0B18DA473D0079827F /* thing_vase.png */,
			);
			name = "desk items";
			sourceTree = "<group>";
		};
		652E7D3618DA47D10079827F /* items fired */ = {
			isa = PBXGroup;
			children = (
				65C2F58E18DB3622006C5352 /* puppy.png */,
				652E7CF818DA473D0079827F /* thing_bird.png */,
				652E7D0018DA473D0079827F /* thing_fish.png */,
				652E7D0118DA473D0079827F /* thing_frog.png */,
				652E7D0418DA473D0079827F /* thing_mouse.png */,
			);
			name = "items fired";
			sourceTree = "<group>";
		};
		652E7D4A18DA489F0079827F /* background stuff */ = {
			isa = PBXGroup;
			children = (
				65C2F5A118DCAAA8006C5352 /* shooting bar */,
				65C2F5A018DCAA9A006C5352 /* choas bar */,
				65C2F58D18DB3622006C5352 /* onion.png */,
				65C2F59618DB36A2006C5352 /* play_area.png */,
			);
			name = "background stuff";
			sourceTree = "<group>";
		};
		65C2F59518DB3631006C5352 /* icon */ = {
			isa = PBXGroup;
			children = (
				65C2F59818DCA4FE006C5352 /* icon_80.png */,
				65C2F59918DCA4FE006C5352 /* icon_58.png */,
				65C2F58C18DB3622006C5352 /* icon_small.png */,
				65C2F58B18DB3622006C5352 /* icon_big.png */,
			);
			name = icon;
			sourceTree = "<group>";
		};
		65C2F5A018DCAA9A006C5352 /* choas bar */ = {
			isa = PBXGroup;
			children = (
				65C2F5B918DCDE26006C5352 /* chaos_inner.png */,
				65C2F5BA18DCDE26006C5352 /* chaos_filled.png */,
			);
			name = "choas bar";
			sourceTree = "<group>";
		};
		65C2F5A118DCAAA8006C5352 /* shooting bar */ = {
			isa = PBXGroup;
			children = (
				65C2F5B318DCD1BA006C5352 /* dogbar.png */,
				65C2F5B418DCD1BA006C5352 /* dogbar_inner.png */,
				65C2F5B518DCD1BA006C5352 /* dogbar_clicked.png */,
			);
			name = "shooting bar";
			sourceTree = "<group>";
		};
		65C2F61418E11686006C5352 /* catImages */ = {
			isa = PBXGroup;
			children = (
				65C2F61518E11686006C5352 /* catImagesFlipLeft.atlas */,
				65C2F61618E11686006C5352 /* catImagesFlipRight.atlas */,
				65C2F61718E11686006C5352 /* catImagesHitLeft.atlas */,
				65C2F61818E11686006C5352 /* catImagesHitRight.atlas */,
				65C2F61918E11686006C5352 /* catImagesLeft.atlas */,
				65C2F61A18E11686006C5352 /* catImagesRight.atlas */,
			);
			path = catImages;
			sourceTree = "<group>";
		};
		65C2F62418E219D2006C5352 /* game_over */ = {
			isa = PBXGroup;
			children = (
				65C2F64618E261A0006C5352 /* return_menu.png */,
				65C2F62518E219D2006C5352 /* game_over.png */,
				65C2F62618E219D2006C5352 /* gg_cat.png */,
				65C2F62718E219D2006C5352 /* gg_cat2.png */,
			);
			path = game_over;
			sourceTree = "<group>";
		};
		65C2F62B18E242D2006C5352 /* menu */ = {
			isa = PBXGroup;
			children = (
				65C2F62C18E242D2006C5352 /* how_to_play.png */,
				65C2F62D18E242D2006C5352 /* menu_bg.png */,
				65C2F62E18E242D2006C5352 /* play_button.png */,
				65C2F62F18E242D2006C5352 /* playvid_button.png */,
			);
			path = menu;
			sourceTree = "<group>";
		};
/* End PBXGroup section */

/* Begin PBXNativeTarget section */
		652E7CAC18BD31840079827F /* catasstrophy */ = {
			isa = PBXNativeTarget;
			buildConfigurationList = 652E7CE618BD31840079827F /* Build configuration list for PBXNativeTarget "catasstrophy" */;
			buildPhases = (
				652E7CA918BD31840079827F /* Sources */,
				652E7CAA18BD31840079827F /* Frameworks */,
				652E7CAB18BD31840079827F /* Resources */,
			);
			buildRules = (
			);
			dependencies = (
			);
			name = catasstrophy;
			productName = catasstrophy;
			productReference = 652E7CAD18BD31840079827F /* catasstrophy.app */;
			productType = "com.apple.product-type.application";
		};
		652E7CD418BD31840079827F /* catasstrophyTests */ = {
			isa = PBXNativeTarget;
			buildConfigurationList = 652E7CE918BD31840079827F /* Build configuration list for PBXNativeTarget "catasstrophyTests" */;
			buildPhases = (
				652E7CD118BD31840079827F /* Sources */,
				652E7CD218BD31840079827F /* Frameworks */,
				652E7CD318BD31840079827F /* Resources */,
			);
			buildRules = (
			);
			dependencies = (
				652E7CDB18BD31840079827F /* PBXTargetDependency */,
			);
			name = catasstrophyTests;
			productName = catasstrophyTests;
			productReference = 652E7CD518BD31840079827F /* catasstrophyTests.xctest */;
			productType = "com.apple.product-type.bundle.unit-test";
		};
/* End PBXNativeTarget section */

/* Begin PBXProject section */
		652E7CA518BD31840079827F /* Project object */ = {
			isa = PBXProject;
			attributes = {
				LastUpgradeCheck = 0510;
				ORGANIZATIONNAME = nest;
				TargetAttributes = {
					652E7CD418BD31840079827F = {
						TestTargetID = 652E7CAC18BD31840079827F;
					};
				};
			};
			buildConfigurationList = 652E7CA818BD31840079827F /* Build configuration list for PBXProject "catasstrophy" */;
			compatibilityVersion = "Xcode 3.2";
			developmentRegion = English;
			hasScannedForEncodings = 0;
			knownRegions = (
				en,
				Base,
			);
			mainGroup = 652E7CA418BD31840079827F;
			productRefGroup = 652E7CAE18BD31840079827F /* Products */;
			projectDirPath = "";
			projectRoot = "";
			targets = (
				652E7CAC18BD31840079827F /* catasstrophy */,
				652E7CD418BD31840079827F /* catasstrophyTests */,
			);
		};
/* End PBXProject section */

/* Begin PBXResourcesBuildPhase section */
		652E7CAB18BD31840079827F /* Resources */ = {
			isa = PBXResourcesBuildPhase;
			buildActionMask = 2147483647;
			files = (
				652E7D1818DA473D0079827F /* thing_dagger.png in Resources */,
				65C2F62818E219D2006C5352 /* game_over.png in Resources */,
				652E7CF318BD33F60079827F /* sprites.atlas in Resources */,
				65C2F6D718E376AC006C5352 /* game_intro.mov in Resources */,
				652E7CF118BD33F60079827F /* background-music-aac.caf in Resources */,
				65C2F59B18DCA4FE006C5352 /* icon_58.png in Resources */,
				652E7D3218DA473D0079827F /* thing_vase.png in Resources */,
				65C2F59018DB3622006C5352 /* icon_big.png in Resources */,
				65C2F59318DB3622006C5352 /* puppy.png in Resources */,
				65C2F62018E11686006C5352 /* catImagesRight.atlas in Resources */,
				65C2F61F18E11686006C5352 /* catImagesLeft.atlas in Resources */,
				652E7D3018DA473D0079827F /* thing_thermos.png in Resources */,
				65C2F59218DB3622006C5352 /* onion.png in Resources */,
				652E7D1E18DA473D0079827F /* thing_frog.png in Resources */,
				65C2F5B618DCD1BA006C5352 /* dogbar.png in Resources */,
				65C2F5B718DCD1BA006C5352 /* dogbar_inner.png in Resources */,
				652E7D2418DA473D0079827F /* thing_mouse.png in Resources */,
				65C2F63218E242D2006C5352 /* play_button.png in Resources */,
				652E7D2218DA473D0079827F /* thing_laptop.png in Resources */,
				652E7D2C18DA473D0079827F /* thing_ramen.png in Resources */,
				65C2F59A18DCA4FE006C5352 /* icon_80.png in Resources */,
				65C2F59718DB36A2006C5352 /* play_area.png in Resources */,
				652E7D1618DA473D0079827F /* thing_cup.png in Resources */,
				65C2F62918E219D2006C5352 /* gg_cat.png in Resources */,
				65C2F63018E242D2006C5352 /* how_to_play.png in Resources */,
				65C2F63118E242D2006C5352 /* menu_bg.png in Resources */,
				65C2F61D18E11686006C5352 /* catImagesHitLeft.atlas in Resources */,
				652E7D1C18DA473D0079827F /* thing_fish.png in Resources */,
				652E7D2A18DA473D0079827F /* thing_pencil.png in Resources */,
				652E7CBD18BD31840079827F /* InfoPlist.strings in Resources */,
				652E7D1A18DA473D0079827F /* thing_eraser.png in Resources */,
				652E7D2018DA473D0079827F /* thing_lamp.png in Resources */,
				65C2F61C18E11686006C5352 /* catImagesFlipRight.atlas in Resources */,
				65C2F64518E258B0006C5352 /* nest_640x1136.png in Resources */,
				65C2F63318E242D2006C5352 /* playvid_button.png in Resources */,
				652E7D0C18DA473D0079827F /* thing_bird.png in Resources */,
				65C2F59418DB3622006C5352 /* target.png in Resources */,
				652E7D2E18DA473D0079827F /* thing_snowglobe.png in Resources */,
				652E7CD018BD31840079827F /* Images.xcassets in Resources */,
				652E7D2818DA473D0079827F /* thing_pen.png in Resources */,
				652E7D2618DA473D0079827F /* thing_mug.png in Resources */,
				65C2F61B18E11686006C5352 /* catImagesFlipLeft.atlas in Resources */,
				65C2F62A18E219D2006C5352 /* gg_cat2.png in Resources */,
				65C2F64C18E26B90006C5352 /* tutorial.png in Resources */,
				65C2F64418E258B0006C5352 /* nest_640x960.png in Resources */,
				652E7CC618BD31840079827F /* Main.storyboard in Resources */,
				652E7D1018DA473D0079827F /* thing_bread.png in Resources */,
				65C2F5BC18DCDE26006C5352 /* chaos_filled.png in Resources */,
				652E7D0E18DA473D0079827F /* thing_book.png in Resources */,
				652E7CF218BD33F60079827F /* pew-pew-lei.caf in Resources */,
				65C2F64718E261A0006C5352 /* return_menu.png in Resources */,
				65C2F5BB18DCDE26006C5352 /* chaos_inner.png in Resources */,
				65C2F5B818DCD1BA006C5352 /* dogbar_clicked.png in Resources */,
				65C2F61E18E11686006C5352 /* catImagesHitRight.atlas in Resources */,
				65C2F59118DB3622006C5352 /* icon_small.png in Resources */,
				652E7D1218DA473D0079827F /* thing_candy.png in Resources */,
			);
			runOnlyForDeploymentPostprocessing = 0;
		};
		652E7CD318BD31840079827F /* Resources */ = {
			isa = PBXResourcesBuildPhase;
			buildActionMask = 2147483647;
			files = (
				652E7D2F18DA473D0079827F /* thing_snowglobe.png in Resources */,
				652E7D1718DA473D0079827F /* thing_cup.png in Resources */,
				652E7D1318DA473D0079827F /* thing_candy.png in Resources */,
				652E7D1B18DA473D0079827F /* thing_eraser.png in Resources */,
				652E7D2318DA473D0079827F /* thing_laptop.png in Resources */,
				652E7D2518DA473D0079827F /* thing_mouse.png in Resources */,
				652E7D3318DA473D0079827F /* thing_vase.png in Resources */,
				652E7D2B18DA473D0079827F /* thing_pencil.png in Resources */,
				652E7D2D18DA473D0079827F /* thing_ramen.png in Resources */,
				652E7CE118BD31840079827F /* InfoPlist.strings in Resources */,
				652E7D1118DA473D0079827F /* thing_bread.png in Resources */,
				652E7D0F18DA473D0079827F /* thing_book.png in Resources */,
				652E7D3118DA473D0079827F /* thing_thermos.png in Resources */,
				652E7D1D18DA473D0079827F /* thing_fish.png in Resources */,
				652E7D2118DA473D0079827F /* thing_lamp.png in Resources */,
				652E7D1918DA473D0079827F /* thing_dagger.png in Resources */,
				652E7D2918DA473D0079827F /* thing_pen.png in Resources */,
				652E7D0D18DA473D0079827F /* thing_bird.png in Resources */,
				652E7D1F18DA473D0079827F /* thing_frog.png in Resources */,
				652E7D2718DA473D0079827F /* thing_mug.png in Resources */,
			);
			runOnlyForDeploymentPostprocessing = 0;
		};
/* End PBXResourcesBuildPhase section */

/* Begin PBXSourcesBuildPhase section */
		652E7CA918BD31840079827F /* Sources */ = {
			isa = PBXSourcesBuildPhase;
			buildActionMask = 2147483647;
			files = (
				652E7CF618BD7D070079827F /* GameOverScreen.m in Sources */,
				65C2F5B218DCC8DA006C5352 /* MovieViewController.m in Sources */,
				65C2F6D518E34C50006C5352 /* Movie.m in Sources */,
				652E7CCC18BD31840079827F /* MyScene.m in Sources */,
				652E7CC918BD31840079827F /* ViewController.m in Sources */,
				65C2F64A18E26B23006C5352 /* Tutorial.m in Sources */,
				65C2F63D18E24788006C5352 /* Logo.m in Sources */,
				652E7CC318BD31840079827F /* AppDelegate.m in Sources */,
				65C2F63A18E245DE006C5352 /* Menu.m in Sources */,
				652E7CBF18BD31840079827F /* main.m in Sources */,
			);
			runOnlyForDeploymentPostprocessing = 0;
		};
		652E7CD118BD31840079827F /* Sources */ = {
			isa = PBXSourcesBuildPhase;
			buildActionMask = 2147483647;
			files = (
				652E7CE318BD31840079827F /* catasstrophyTests.m in Sources */,
				652E7CF718BD7D070079827F /* GameOverScreen.m in Sources */,
			);
			runOnlyForDeploymentPostprocessing = 0;
		};
/* End PBXSourcesBuildPhase section */

/* Begin PBXTargetDependency section */
		652E7CDB18BD31840079827F /* PBXTargetDependency */ = {
			isa = PBXTargetDependency;
			target = 652E7CAC18BD31840079827F /* catasstrophy */;
			targetProxy = 652E7CDA18BD31840079827F /* PBXContainerItemProxy */;
		};
/* End PBXTargetDependency section */

/* Begin PBXVariantGroup section */
		652E7CBB18BD31840079827F /* InfoPlist.strings */ = {
			isa = PBXVariantGroup;
			children = (
				652E7CBC18BD31840079827F /* en */,
			);
			name = InfoPlist.strings;
			sourceTree = "<group>";
		};
		652E7CC418BD31840079827F /* Main.storyboard */ = {
			isa = PBXVariantGroup;
			children = (
				652E7CC518BD31840079827F /* Base */,
			);
			name = Main.storyboard;
			sourceTree = "<group>";
		};
		652E7CDF18BD31840079827F /* InfoPlist.strings */ = {
			isa = PBXVariantGroup;
			children = (
				652E7CE018BD31840079827F /* en */,
			);
			name = InfoPlist.strings;
			sourceTree = "<group>";
		};
/* End PBXVariantGroup section */

/* Begin XCBuildConfiguration section */
		652E7CE418BD31840079827F /* Debug */ = {
			isa = XCBuildConfiguration;
			buildSettings = {
				ALWAYS_SEARCH_USER_PATHS = NO;
				CLANG_CXX_LANGUAGE_STANDARD = "gnu++0x";
				CLANG_CXX_LIBRARY = "libc++";
				CLANG_ENABLE_MODULES = YES;
				CLANG_ENABLE_OBJC_ARC = YES;
				CLANG_WARN_BOOL_CONVERSION = YES;
				CLANG_WARN_CONSTANT_CONVERSION = YES;
				CLANG_WARN_DIRECT_OBJC_ISA_USAGE = YES_ERROR;
				CLANG_WARN_EMPTY_BODY = YES;
				CLANG_WARN_ENUM_CONVERSION = YES;
				CLANG_WARN_INT_CONVERSION = YES;
				CLANG_WARN_OBJC_ROOT_CLASS = YES_ERROR;
				CLANG_WARN__DUPLICATE_METHOD_MATCH = YES;
				"CODE_SIGN_IDENTITY[sdk=iphoneos*]" = "iPhone Developer";
				COPY_PHASE_STRIP = NO;
				GCC_C_LANGUAGE_STANDARD = gnu99;
				GCC_DYNAMIC_NO_PIC = NO;
				GCC_OPTIMIZATION_LEVEL = 0;
				GCC_PREPROCESSOR_DEFINITIONS = (
					"DEBUG=1",
					"$(inherited)",
				);
				GCC_SYMBOLS_PRIVATE_EXTERN = NO;
				GCC_WARN_64_TO_32_BIT_CONVERSION = YES;
				GCC_WARN_ABOUT_RETURN_TYPE = YES_ERROR;
				GCC_WARN_UNDECLARED_SELECTOR = YES;
				GCC_WARN_UNINITIALIZED_AUTOS = YES;
				GCC_WARN_UNUSED_FUNCTION = YES;
				GCC_WARN_UNUSED_VARIABLE = YES;
				IPHONEOS_DEPLOYMENT_TARGET = 7.1;
				ONLY_ACTIVE_ARCH = YES;
				SDKROOT = iphoneos;
			};
			name = Debug;
		};
		652E7CE518BD31840079827F /* Release */ = {
			isa = XCBuildConfiguration;
			buildSettings = {
				ALWAYS_SEARCH_USER_PATHS = NO;
				CLANG_CXX_LANGUAGE_STANDARD = "gnu++0x";
				CLANG_CXX_LIBRARY = "libc++";
				CLANG_ENABLE_MODULES = YES;
				CLANG_ENABLE_OBJC_ARC = YES;
				CLANG_WARN_BOOL_CONVERSION = YES;
				CLANG_WARN_CONSTANT_CONVERSION = YES;
				CLANG_WARN_DIRECT_OBJC_ISA_USAGE = YES_ERROR;
				CLANG_WARN_EMPTY_BODY = YES;
				CLANG_WARN_ENUM_CONVERSION = YES;
				CLANG_WARN_INT_CONVERSION = YES;
				CLANG_WARN_OBJC_ROOT_CLASS = YES_ERROR;
				CLANG_WARN__DUPLICATE_METHOD_MATCH = YES;
				"CODE_SIGN_IDENTITY[sdk=iphoneos*]" = "iPhone Developer";
				COPY_PHASE_STRIP = YES;
				ENABLE_NS_ASSERTIONS = NO;
				GCC_C_LANGUAGE_STANDARD = gnu99;
				GCC_WARN_64_TO_32_BIT_CONVERSION = YES;
				GCC_WARN_ABOUT_RETURN_TYPE = YES_ERROR;
				GCC_WARN_UNDECLARED_SELECTOR = YES;
				GCC_WARN_UNINITIALIZED_AUTOS = YES;
				GCC_WARN_UNUSED_FUNCTION = YES;
				GCC_WARN_UNUSED_VARIABLE = YES;
				IPHONEOS_DEPLOYMENT_TARGET = 7.1;
				SDKROOT = iphoneos;
				VALIDATE_PRODUCT = YES;
			};
			name = Release;
		};
		652E7CE718BD31840079827F /* Debug */ = {
			isa = XCBuildConfiguration;
			buildSettings = {
				ASSETCATALOG_COMPILER_APPICON_NAME = AppIcon;
				ASSETCATALOG_COMPILER_LAUNCHIMAGE_NAME = LaunchImage;
				GCC_PRECOMPILE_PREFIX_HEADER = YES;
				GCC_PREFIX_HEADER = "catasstrophy/catasstrophy-Prefix.pch";
				INFOPLIST_FILE = "catasstrophy/catasstrophy-Info.plist";
				IPHONEOS_DEPLOYMENT_TARGET = 7.1;
				PRODUCT_NAME = "$(TARGET_NAME)";
				SPRITEKIT_TEXTURE_ATLAS_OUTPUT = YES;
				WRAPPER_EXTENSION = app;
			};
			name = Debug;
		};
		652E7CE818BD31840079827F /* Release */ = {
			isa = XCBuildConfiguration;
			buildSettings = {
				ASSETCATALOG_COMPILER_APPICON_NAME = AppIcon;
				ASSETCATALOG_COMPILER_LAUNCHIMAGE_NAME = LaunchImage;
				GCC_PRECOMPILE_PREFIX_HEADER = YES;
				GCC_PREFIX_HEADER = "catasstrophy/catasstrophy-Prefix.pch";
				INFOPLIST_FILE = "catasstrophy/catasstrophy-Info.plist";
				IPHONEOS_DEPLOYMENT_TARGET = 7.1;
				PRODUCT_NAME = "$(TARGET_NAME)";
				SPRITEKIT_TEXTURE_ATLAS_OUTPUT = YES;
				WRAPPER_EXTENSION = app;
			};
			name = Release;
		};
		652E7CEA18BD31840079827F /* Debug */ = {
			isa = XCBuildConfiguration;
			buildSettings = {
				BUNDLE_LOADER = "$(BUILT_PRODUCTS_DIR)/catasstrophy.app/catasstrophy";
				FRAMEWORK_SEARCH_PATHS = (
					"$(SDKROOT)/Developer/Library/Frameworks",
					"$(inherited)",
					"$(DEVELOPER_FRAMEWORKS_DIR)",
				);
				GCC_PRECOMPILE_PREFIX_HEADER = YES;
				GCC_PREFIX_HEADER = "catasstrophy/catasstrophy-Prefix.pch";
				GCC_PREPROCESSOR_DEFINITIONS = (
					"DEBUG=1",
					"$(inherited)",
				);
				INFOPLIST_FILE = "catasstrophyTests/catasstrophyTests-Info.plist";
				PRODUCT_NAME = "$(TARGET_NAME)";
				TEST_HOST = "$(BUNDLE_LOADER)";
				WRAPPER_EXTENSION = xctest;
			};
			name = Debug;
		};
		652E7CEB18BD31840079827F /* Release */ = {
			isa = XCBuildConfiguration;
			buildSettings = {
				BUNDLE_LOADER = "$(BUILT_PRODUCTS_DIR)/catasstrophy.app/catasstrophy";
				FRAMEWORK_SEARCH_PATHS = (
					"$(SDKROOT)/Developer/Library/Frameworks",
					"$(inherited)",
					"$(DEVELOPER_FRAMEWORKS_DIR)",
				);
				GCC_PRECOMPILE_PREFIX_HEADER = YES;
				GCC_PREFIX_HEADER = "catasstrophy/catasstrophy-Prefix.pch";
				INFOPLIST_FILE = "catasstrophyTests/catasstrophyTests-Info.plist";
				PRODUCT_NAME = "$(TARGET_NAME)";
				TEST_HOST = "$(BUNDLE_LOADER)";
				WRAPPER_EXTENSION = xctest;
			};
			name = Release;
		};
/* End XCBuildConfiguration section */

/* Begin XCConfigurationList section */
		652E7CA818BD31840079827F /* Build configuration list for PBXProject "catasstrophy" */ = {
			isa = XCConfigurationList;
			buildConfigurations = (
				652E7CE418BD31840079827F /* Debug */,
				652E7CE518BD31840079827F /* Release */,
			);
			defaultConfigurationIsVisible = 0;
			defaultConfigurationName = Release;
		};
		652E7CE618BD31840079827F /* Build configuration list for PBXNativeTarget "catasstrophy" */ = {
			isa = XCConfigurationList;
			buildConfigurations = (
				652E7CE718BD31840079827F /* Debug */,
				652E7CE818BD31840079827F /* Release */,
			);
			defaultConfigurationIsVisible = 0;
			defaultConfigurationName = Release;
		};
		652E7CE918BD31840079827F /* Build configuration list for PBXNativeTarget "catasstrophyTests" */ = {
			isa = XCConfigurationList;
			buildConfigurations = (
				652E7CEA18BD31840079827F /* Debug */,
				652E7CEB18BD31840079827F /* Release */,
			);
			defaultConfigurationIsVisible = 0;
			defaultConfigurationName = Release;
		};
/* End XCConfigurationList section */
	};
	rootObject = 652E7CA518BD31840079827F /* Project object */;
}
